
Microsoft Visual Studio Solution File, Format Version 12.00
# Visual Studio Version 17
VisualStudioVersion = 17.11.35327.3
MinimumVisualStudioVersion = 10.0.40219.1
Project("{FAE04EC0-301F-11D3-BF4B-00C04F79EFBC}") = "TrayectoriaEducativaGraficas", "TrayectoriaEducativaGraficas\TrayectoriaEducativaGraficas.csproj", "{A383A471-F516-4D4D-9CC2-EF54F093C4C1}"
EndProject
Global
	GlobalSection(SolutionConfigurationPlatforms) = preSolution
		Debug|Any CPU = Debug|Any CPU
		Release|Any CPU = Release|Any CPU
	EndGlobalSection
	GlobalSection(ProjectConfigurationPlatforms) = postSolution
		{A383A471-F516-4D4D-9CC2-EF54F093C4C1}.Debug|Any CPU.ActiveCfg = Debug|Any CPU
		{A383A471-F516-4D4D-9CC2-EF54F093C4C1}.Debug|Any CPU.Build.0 = Debug|Any CPU
		{A383A471-F516-4D4D-9CC2-EF54F093C4C1}.Debug|Any CPU.Deploy.0 = Debug|Any CPU
		{A383A471-F516-4D4D-9CC2-EF54F093C4C1}.Release|Any CPU.ActiveCfg = Release|Any CPU
		{A383A471-F516-4D4D-9CC2-EF54F093C4C1}.Release|Any CPU.Build.0 = Release|Any CPU
		{A383A471-F516-4D4D-9CC2-EF54F093C4C1}.Release|Any CPU.Deploy.0 = Release|Any CPU
	EndGlobalSection
	GlobalSection(SolutionProperties) = preSolution
		HideSolutionNode = FALSE
	EndGlobalSection
	GlobalSection(ExtensibilityGlobals) = postSolution
		SolutionGuid = {8BE2F4D1-0313-42A3-90D5-3D95709916E9}
	EndGlobalSection
EndGlobal
